// !$*UTF8*$!
{
	archiveVersion = 1;
	classes = {
	};
	objectVersion = 48;
	objects = {

/* Begin PBXBuildFile section */
		55E68C3A20B512DC006B2F3C /* marshabitatpricer.mlmodel in Sources */ = {isa = PBXBuildFile; fileRef = 55E68C3920B512DC006B2F3C /* marshabitatpricer.mlmodel */; };
		9AD9511420ABF8EA007B1D24 /* AppDelegate.swift in Sources */ = {isa = PBXBuildFile; fileRef = 9AD9511320ABF8EA007B1D24 /* AppDelegate.swift */; };
		9AD9511620ABF8EA007B1D24 /* ViewController.swift in Sources */ = {isa = PBXBuildFile; fileRef = 9AD9511520ABF8EA007B1D24 /* ViewController.swift */; };
		9AD9511920ABF8EA007B1D24 /* Main.storyboard in Resources */ = {isa = PBXBuildFile; fileRef = 9AD9511720ABF8EA007B1D24 /* Main.storyboard */; };
		9AD9511B20ABF8EA007B1D24 /* Assets.xcassets in Resources */ = {isa = PBXBuildFile; fileRef = 9AD9511A20ABF8EA007B1D24 /* Assets.xcassets */; };
		9AD9511E20ABF8EA007B1D24 /* LaunchScreen.storyboard in Resources */ = {isa = PBXBuildFile; fileRef = 9AD9511C20ABF8EA007B1D24 /* LaunchScreen.storyboard */; };
		9AD9512920ABF8EA007B1D24 /* MarsV1Tests.swift in Sources */ = {isa = PBXBuildFile; fileRef = 9AD9512820ABF8EA007B1D24 /* MarsV1Tests.swift */; };
		9AD9513420ABF8EA007B1D24 /* MarsV1UITests.swift in Sources */ = {isa = PBXBuildFile; fileRef = 9AD9513320ABF8EA007B1D24 /* MarsV1UITests.swift */; };
/* End PBXBuildFile section */

/* Begin PBXContainerItemProxy section */
		9AD9512520ABF8EA007B1D24 /* PBXContainerItemProxy */ = {
			isa = PBXContainerItemProxy;
			containerPortal = 9AD9510820ABF8EA007B1D24 /* Project object */;
			proxyType = 1;
			remoteGlobalIDString = 9AD9510F20ABF8EA007B1D24;
			remoteInfo = MarsV1;
		};
		9AD9513020ABF8EA007B1D24 /* PBXContainerItemProxy */ = {
			isa = PBXContainerItemProxy;
			containerPortal = 9AD9510820ABF8EA007B1D24 /* Project object */;
			proxyType = 1;
			remoteGlobalIDString = 9AD9510F20ABF8EA007B1D24;
			remoteInfo = MarsV1;
		};
/* End PBXContainerItemProxy section */

/* Begin PBXFileReference section */
		55E68C3920B512DC006B2F3C /* marshabitatpricer.mlmodel */ = {isa = PBXFileReference; lastKnownFileType = file.mlmodel; path = marshabitatpricer.mlmodel; sourceTree = "<group>"; };
		9AD9511020ABF8EA007B1D24 /* MarsV1.app */ = {isa = PBXFileReference; explicitFileType = wrapper.application; includeInIndex = 0; path = MarsV1.app; sourceTree = BUILT_PRODUCTS_DIR; };
		9AD9511320ABF8EA007B1D24 /* AppDelegate.swift */ = {isa = PBXFileReference; lastKnownFileType = sourcecode.swift; path = AppDelegate.swift; sourceTree = "<group>"; };
		9AD9511520ABF8EA007B1D24 /* ViewController.swift */ = {isa = PBXFileReference; lastKnownFileType = sourcecode.swift; path = ViewController.swift; sourceTree = "<group>"; };
		9AD9511820ABF8EA007B1D24 /* Base */ = {isa = PBXFileReference; lastKnownFileType = file.storyboard; name = Base; path = Base.lproj/Main.storyboard; sourceTree = "<group>"; };
		9AD9511A20ABF8EA007B1D24 /* Assets.xcassets */ = {isa = PBXFileReference; lastKnownFileType = folder.assetcatalog; path = Assets.xcassets; sourceTree = "<group>"; };
		9AD9511D20ABF8EA007B1D24 /* Base */ = {isa = PBXFileReference; lastKnownFileType = file.storyboard; name = Base; path = Base.lproj/LaunchScreen.storyboard; sourceTree = "<group>"; };
		9AD9511F20ABF8EA007B1D24 /* Info.plist */ = {isa = PBXFileReference; lastKnownFileType = text.plist.xml; path = Info.plist; sourceTree = "<group>"; };
		9AD9512420ABF8EA007B1D24 /* MarsV1Tests.xctest */ = {isa = PBXFileReference; explicitFileType = wrapper.cfbundle; includeInIndex = 0; path = MarsV1Tests.xctest; sourceTree = BUILT_PRODUCTS_DIR; };
		9AD9512820ABF8EA007B1D24 /* MarsV1Tests.swift */ = {isa = PBXFileReference; lastKnownFileType = sourcecode.swift; path = MarsV1Tests.swift; sourceTree = "<group>"; };
		9AD9512A20ABF8EA007B1D24 /* Info.plist */ = {isa = PBXFileReference; lastKnownFileType = text.plist.xml; path = Info.plist; sourceTree = "<group>"; };
		9AD9512F20ABF8EA007B1D24 /* MarsV1UITests.xctest */ = {isa = PBXFileReference; explicitFileType = wrapper.cfbundle; includeInIndex = 0; path = MarsV1UITests.xctest; sourceTree = BUILT_PRODUCTS_DIR; };
		9AD9513320ABF8EA007B1D24 /* MarsV1UITests.swift */ = {isa = PBXFileReference; lastKnownFileType = sourcecode.swift; path = MarsV1UITests.swift; sourceTree = "<group>"; };
		9AD9513520ABF8EA007B1D24 /* Info.plist */ = {isa = PBXFileReference; lastKnownFileType = text.plist.xml; path = Info.plist; sourceTree = "<group>"; };
/* End PBXFileReference section */

/* Begin PBXFrameworksBuildPhase section */
		9AD9510D20ABF8EA007B1D24 /* Frameworks */ = {
			isa = PBXFrameworksBuildPhase;
			buildActionMask = 2147483647;
			files = (
			);
			runOnlyForDeploymentPostprocessing = 0;
		};
		9AD9512120ABF8EA007B1D24 /* Frameworks */ = {
			isa = PBXFrameworksBuildPhase;
			buildActionMask = 2147483647;
			files = (
			);
			runOnlyForDeploymentPostprocessing = 0;
		};
		9AD9512C20ABF8EA007B1D24 /* Frameworks */ = {
			isa = PBXFrameworksBuildPhase;
			buildActionMask = 2147483647;
			files = (
			);
			runOnlyForDeploymentPostprocessing = 0;
		};
/* End PBXFrameworksBuildPhase section */

/* Begin PBXGroup section */
		9AD9510720ABF8EA007B1D24 = {
			isa = PBXGroup;
			children = (
				9AD9511220ABF8EA007B1D24 /* MarsV1 */,
				9AD9512720ABF8EA007B1D24 /* MarsV1Tests */,
				9AD9513220ABF8EA007B1D24 /* MarsV1UITests */,
				9AD9511120ABF8EA007B1D24 /* Products */,
			);
			sourceTree = "<group>";
		};
		9AD9511120ABF8EA007B1D24 /* Products */ = {
			isa = PBXGroup;
			children = (
				9AD9511020ABF8EA007B1D24 /* MarsV1.app */,
				9AD9512420ABF8EA007B1D24 /* MarsV1Tests.xctest */,
				9AD9512F20ABF8EA007B1D24 /* MarsV1UITests.xctest */,
			);
			name = Products;
			sourceTree = "<group>";
		};
		9AD9511220ABF8EA007B1D24 /* MarsV1 */ = {
			isa = PBXGroup;
			children = (
				55E68C3920B512DC006B2F3C /* marshabitatpricer.mlmodel */,
				9AD9511320ABF8EA007B1D24 /* AppDelegate.swift */,
				9AD9511520ABF8EA007B1D24 /* ViewController.swift */,
				9AD9511720ABF8EA007B1D24 /* Main.storyboard */,
				9AD9511A20ABF8EA007B1D24 /* Assets.xcassets */,
				9AD9511C20ABF8EA007B1D24 /* LaunchScreen.storyboard */,
				9AD9511F20ABF8EA007B1D24 /* Info.plist */,
			);
			path = MarsV1;
			sourceTree = "<group>";
		};
		9AD9512720ABF8EA007B1D24 /* MarsV1Tests */ = {
			isa = PBXGroup;
			children = (
				9AD9512820ABF8EA007B1D24 /* MarsV1Tests.swift */,
				9AD9512A20ABF8EA007B1D24 /* Info.plist */,
			);
			path = MarsV1Tests;
			sourceTree = "<group>";
		};
		9AD9513220ABF8EA007B1D24 /* MarsV1UITests */ = {
			isa = PBXGroup;
			children = (
				9AD9513320ABF8EA007B1D24 /* MarsV1UITests.swift */,
				9AD9513520ABF8EA007B1D24 /* Info.plist */,
			);
			path = MarsV1UITests;
			sourceTree = "<group>";
		};
/* End PBXGroup section */

/* Begin PBXNativeTarget section */
		9AD9510F20ABF8EA007B1D24 /* MarsV1 */ = {
			isa = PBXNativeTarget;
			buildConfigurationList = 9AD9513820ABF8EA007B1D24 /* Build configuration list for PBXNativeTarget "MarsV1" */;
			buildPhases = (
				9AD9510C20ABF8EA007B1D24 /* Sources */,
				9AD9510D20ABF8EA007B1D24 /* Frameworks */,
				9AD9510E20ABF8EA007B1D24 /* Resources */,
			);
			buildRules = (
			);
			dependencies = (
			);
			name = MarsV1;
			productName = MarsV1;
			productReference = 9AD9511020ABF8EA007B1D24 /* MarsV1.app */;
			productType = "com.apple.product-type.application";
		};
		9AD9512320ABF8EA007B1D24 /* MarsV1Tests */ = {
			isa = PBXNativeTarget;
			buildConfigurationList = 9AD9513B20ABF8EA007B1D24 /* Build configuration list for PBXNativeTarget "MarsV1Tests" */;
			buildPhases = (
				9AD9512020ABF8EA007B1D24 /* Sources */,
				9AD9512120ABF8EA007B1D24 /* Frameworks */,
				9AD9512220ABF8EA007B1D24 /* Resources */,
			);
			buildRules = (
			);
			dependencies = (
				9AD9512620ABF8EA007B1D24 /* PBXTargetDependency */,
			);
			name = MarsV1Tests;
			productName = MarsV1Tests;
			productReference = 9AD9512420ABF8EA007B1D24 /* MarsV1Tests.xctest */;
			productType = "com.apple.product-type.bundle.unit-test";
		};
		9AD9512E20ABF8EA007B1D24 /* MarsV1UITests */ = {
			isa = PBXNativeTarget;
			buildConfigurationList = 9AD9513E20ABF8EA007B1D24 /* Build configuration list for PBXNativeTarget "MarsV1UITests" */;
			buildPhases = (
				9AD9512B20ABF8EA007B1D24 /* Sources */,
				9AD9512C20ABF8EA007B1D24 /* Frameworks */,
				9AD9512D20ABF8EA007B1D24 /* Resources */,
			);
			buildRules = (
			);
			dependencies = (
				9AD9513120ABF8EA007B1D24 /* PBXTargetDependency */,
			);
			name = MarsV1UITests;
			productName = MarsV1UITests;
			productReference = 9AD9512F20ABF8EA007B1D24 /* MarsV1UITests.xctest */;
			productType = "com.apple.product-type.bundle.ui-testing";
		};
/* End PBXNativeTarget section */

/* Begin PBXProject section */
		9AD9510820ABF8EA007B1D24 /* Project object */ = {
			isa = PBXProject;
			attributes = {
				LastSwiftUpdateCheck = 0920;
				LastUpgradeCheck = 0920;
				ORGANIZATIONNAME = fredhur;
				TargetAttributes = {
					9AD9510F20ABF8EA007B1D24 = {
						CreatedOnToolsVersion = 9.2;
						ProvisioningStyle = Automatic;
					};
					9AD9512320ABF8EA007B1D24 = {
						CreatedOnToolsVersion = 9.2;
						ProvisioningStyle = Automatic;
						TestTargetID = 9AD9510F20ABF8EA007B1D24;
					};
					9AD9512E20ABF8EA007B1D24 = {
						CreatedOnToolsVersion = 9.2;
						ProvisioningStyle = Automatic;
						TestTargetID = 9AD9510F20ABF8EA007B1D24;
					};
				};
			};
			buildConfigurationList = 9AD9510B20ABF8EA007B1D24 /* Build configuration list for PBXProject "MarsV1" */;
			compatibilityVersion = "Xcode 8.0";
			developmentRegion = en;
			hasScannedForEncodings = 0;
			knownRegions = (
				en,
				Base,
			);
			mainGroup = 9AD9510720ABF8EA007B1D24;
			productRefGroup = 9AD9511120ABF8EA007B1D24 /* Products */;
			projectDirPath = "";
			projectRoot = "";
			targets = (
				9AD9510F20ABF8EA007B1D24 /* MarsV1 */,
				9AD9512320ABF8EA007B1D24 /* MarsV1Tests */,
				9AD9512E20ABF8EA007B1D24 /* MarsV1UITests */,
			);
		};
/* End PBXProject section */

/* Begin PBXResourcesBuildPhase section */
		9AD9510E20ABF8EA007B1D24 /* Resources */ = {
			isa = PBXResourcesBuildPhase;
			buildActionMask = 2147483647;
			files = (
				9AD9511E20ABF8EA007B1D24 /* LaunchScreen.storyboard in Resources */,
				9AD9511B20ABF8EA007B1D24 /* Assets.xcassets in Resources */,
				9AD9511920ABF8EA007B1D24 /* Main.storyboard in Resources */,
			);
			runOnlyForDeploymentPostprocessing = 0;
		};
		9AD9512220ABF8EA007B1D24 /* Resources */ = {
			isa = PBXResourcesBuildPhase;
			buildActionMask = 2147483647;
			files = (
			);
			runOnlyForDeploymentPostprocessing = 0;
		};
		9AD9512D20ABF8EA007B1D24 /* Resources */ = {
			isa = PBXResourcesBuildPhase;
			buildActionMask = 2147483647;
			files = (
			);
			runOnlyForDeploymentPostprocessing = 0;
		};
/* End PBXResourcesBuildPhase section */

/* Begin PBXSourcesBuildPhase section */
		9AD9510C20ABF8EA007B1D24 /* Sources */ = {
			isa = PBXSourcesBuildPhase;
			buildActionMask = 2147483647;
			files = (
				55E68C3A20B512DC006B2F3C /* marshabitatpricer.mlmodel in Sources */,
				9AD9511620ABF8EA007B1D24 /* ViewController.swift in Sources */,
				9AD9511420ABF8EA007B1D24 /* AppDelegate.swift in Sources */,
			);
			runOnlyForDeploymentPostprocessing = 0;
		};
		9AD9512020ABF8EA007B1D24 /* Sources */ = {
			isa = PBXSourcesBuildPhase;
			buildActionMask = 2147483647;
			files = (
				9AD9512920ABF8EA007B1D24 /* MarsV1Tests.swift in Sources */,
			);
			runOnlyForDeploymentPostprocessing = 0;
		};
		9AD9512B20ABF8EA007B1D24 /* Sources */ = {
			isa = PBXSourcesBuildPhase;
			buildActionMask = 2147483647;
			files = (
				9AD9513420ABF8EA007B1D24 /* MarsV1UITests.swift in Sources */,
			);
			runOnlyForDeploymentPostprocessing = 0;
		};
/* End PBXSourcesBuildPhase section */

/* Begin PBXTargetDependency section */
		9AD9512620ABF8EA007B1D24 /* PBXTargetDependency */ = {
			isa = PBXTargetDependency;
			target = 9AD9510F20ABF8EA007B1D24 /* MarsV1 */;
			targetProxy = 9AD9512520ABF8EA007B1D24 /* PBXContainerItemProxy */;
		};
		9AD9513120ABF8EA007B1D24 /* PBXTargetDependency */ = {
			isa = PBXTargetDependency;
			target = 9AD9510F20ABF8EA007B1D24 /* MarsV1 */;
			targetProxy = 9AD9513020ABF8EA007B1D24 /* PBXContainerItemProxy */;
		};
/* End PBXTargetDependency section */

/* Begin PBXVariantGroup section */
		9AD9511720ABF8EA007B1D24 /* Main.storyboard */ = {
			isa = PBXVariantGroup;
			children = (
				9AD9511820ABF8EA007B1D24 /* Base */,
			);
			name = Main.storyboard;
			sourceTree = "<group>";
		};
		9AD9511C20ABF8EA007B1D24 /* LaunchScreen.storyboard */ = {
			isa = PBXVariantGroup;
			children = (
				9AD9511D20ABF8EA007B1D24 /* Base */,
			);
			name = LaunchScreen.storyboard;
			sourceTree = "<group>";
		};
/* End PBXVariantGroup section */

/* Begin XCBuildConfiguration section */
		9AD9513620ABF8EA007B1D24 /* Debug */ = {
			isa = XCBuildConfiguration;
			buildSettings = {
				ALWAYS_SEARCH_USER_PATHS = NO;
				CLANG_ANALYZER_NONNULL = YES;
				CLANG_ANALYZER_NUMBER_OBJECT_CONVERSION = YES_AGGRESSIVE;
				CLANG_CXX_LANGUAGE_STANDARD = "gnu++14";
				CLANG_CXX_LIBRARY = "libc++";
				CLANG_ENABLE_MODULES = YES;
				CLANG_ENABLE_OBJC_ARC = YES;
				CLANG_WARN_BLOCK_CAPTURE_AUTORELEASING = YES;
				CLANG_WARN_BOOL_CONVERSION = YES;
				CLANG_WARN_COMMA = YES;
				CLANG_WARN_CONSTANT_CONVERSION = YES;
				CLANG_WARN_DIRECT_OBJC_ISA_USAGE = YES_ERROR;
				CLANG_WARN_DOCUMENTATION_COMMENTS = YES;
				CLANG_WARN_EMPTY_BODY = YES;
				CLANG_WARN_ENUM_CONVERSION = YES;
				CLANG_WARN_INFINITE_RECURSION = YES;
				CLANG_WARN_INT_CONVERSION = YES;
				CLANG_WARN_NON_LITERAL_NULL_CONVERSION = YES;
				CLANG_WARN_OBJC_LITERAL_CONVERSION = YES;
				CLANG_WARN_OBJC_ROOT_CLASS = YES_ERROR;
				CLANG_WARN_RANGE_LOOP_ANALYSIS = YES;
				CLANG_WARN_STRICT_PROTOTYPES = YES;
				CLANG_WARN_SUSPICIOUS_MOVE = YES;
				CLANG_WARN_UNGUARDED_AVAILABILITY = YES_AGGRESSIVE;
				CLANG_WARN_UNREACHABLE_CODE = YES;
				CLANG_WARN__DUPLICATE_METHOD_MATCH = YES;
				CODE_SIGN_IDENTITY = "iPhone Developer";
				COPY_PHASE_STRIP = NO;
				DEBUG_INFORMATION_FORMAT = dwarf;
				ENABLE_STRICT_OBJC_MSGSEND = YES;
				ENABLE_TESTABILITY = YES;
				GCC_C_LANGUAGE_STANDARD = gnu11;
				GCC_DYNAMIC_NO_PIC = NO;
				GCC_NO_COMMON_BLOCKS = YES;
				GCC_OPTIMIZATION_LEVEL = 0;
				GCC_PREPROCESSOR_DEFINITIONS = (
					"DEBUG=1",
					"$(inherited)",
				);
				GCC_WARN_64_TO_32_BIT_CONVERSION = YES;
				GCC_WARN_ABOUT_RETURN_TYPE = YES_ERROR;
				GCC_WARN_UNDECLARED_SELECTOR = YES;
				GCC_WARN_UNINITIALIZED_AUTOS = YES_AGGRESSIVE;
				GCC_WARN_UNUSED_FUNCTION = YES;
				GCC_WARN_UNUSED_VARIABLE = YES;
				IPHONEOS_DEPLOYMENT_TARGET = 11.2;
				MTL_ENABLE_DEBUG_INFO = YES;
				ONLY_ACTIVE_ARCH = YES;
				SDKROOT = iphoneos;
				SWIFT_ACTIVE_COMPILATION_CONDITIONS = DEBUG;
				SWIFT_OPTIMIZATION_LEVEL = "-Onone";
			};
			name = Debug;
		};
		9AD9513720ABF8EA007B1D24 /* Release */ = {
			isa = XCBuildConfiguration;
			buildSettings = {
				ALWAYS_SEARCH_USER_PATHS = NO;
				CLANG_ANALYZER_NONNULL = YES;
				CLANG_ANALYZER_NUMBER_OBJECT_CONVERSION = YES_AGGRESSIVE;
				CLANG_CXX_LANGUAGE_STANDARD = "gnu++14";
				CLANG_CXX_LIBRARY = "libc++";
				CLANG_ENABLE_MODULES = YES;
				CLANG_ENABLE_OBJC_ARC = YES;
				CLANG_WARN_BLOCK_CAPTURE_AUTORELEASING = YES;
				CLANG_WARN_BOOL_CONVERSION = YES;
				CLANG_WARN_COMMA = YES;
				CLANG_WARN_CONSTANT_CONVERSION = YES;
				CLANG_WARN_DIRECT_OBJC_ISA_USAGE = YES_ERROR;
				CLANG_WARN_DOCUMENTATION_COMMENTS = YES;
				CLANG_WARN_EMPTY_BODY = YES;
				CLANG_WARN_ENUM_CONVERSION = YES;
				CLANG_WARN_INFINITE_RECURSION = YES;
				CLANG_WARN_INT_CONVERSION = YES;
				CLANG_WARN_NON_LITERAL_NULL_CONVERSION = YES;
				CLANG_WARN_OBJC_LITERAL_CONVERSION = YES;
				CLANG_WARN_OBJC_ROOT_CLASS = YES_ERROR;
				CLANG_WARN_RANGE_LOOP_ANALYSIS = YES;
				CLANG_WARN_STRICT_PROTOTYPES = YES;
				CLANG_WARN_SUSPICIOUS_MOVE = YES;
				CLANG_WARN_UNGUARDED_AVAILABILITY = YES_AGGRESSIVE;
				CLANG_WARN_UNREACHABLE_CODE = YES;
				CLANG_WARN__DUPLICATE_METHOD_MATCH = YES;
				CODE_SIGN_IDENTITY = "iPhone Developer";
				COPY_PHASE_STRIP = NO;
				DEBUG_INFORMATION_FORMAT = "dwarf-with-dsym";
				ENABLE_NS_ASSERTIONS = NO;
				ENABLE_STRICT_OBJC_MSGSEND = YES;
				GCC_C_LANGUAGE_STANDARD = gnu11;
				GCC_NO_COMMON_BLOCKS = YES;
				GCC_WARN_64_TO_32_BIT_CONVERSION = YES;
				GCC_WARN_ABOUT_RETURN_TYPE = YES_ERROR;
				GCC_WARN_UNDECLARED_SELECTOR = YES;
				GCC_WARN_UNINITIALIZED_AUTOS = YES_AGGRESSIVE;
				GCC_WARN_UNUSED_FUNCTION = YES;
				GCC_WARN_UNUSED_VARIABLE = YES;
				IPHONEOS_DEPLOYMENT_TARGET = 11.2;
				MTL_ENABLE_DEBUG_INFO = NO;
				SDKROOT = iphoneos;
				SWIFT_OPTIMIZATION_LEVEL = "-Owholemodule";
				VALIDATE_PRODUCT = YES;
			};
			name = Release;
		};
		9AD9513920ABF8EA007B1D24 /* Debug */ = {
			isa = XCBuildConfiguration;
			buildSettings = {
				ASSETCATALOG_COMPILER_APPICON_NAME = AppIcon;
				CODE_SIGN_STYLE = Automatic;
				DEVELOPMENT_TEAM = 3Y3Z2Z567H;
				INFOPLIST_FILE = MarsV1/Info.plist;
				LD_RUNPATH_SEARCH_PATHS = "$(inherited) @executable_path/Frameworks";
				PRODUCT_BUNDLE_IDENTIFIER = fredhur.MarsV1;
				PRODUCT_NAME = "$(TARGET_NAME)";
				SWIFT_VERSION = 4.0;
				TARGETED_DEVICE_FAMILY = "1,2";
			};
			name = Debug;
		};
		9AD9513A20ABF8EA007B1D24 /* Release */ = {
			isa = XCBuildConfiguration;
			buildSettings = {
				ASSETCATALOG_COMPILER_APPICON_NAME = AppIcon;
				CODE_SIGN_STYLE = Automatic;
				DEVELOPMENT_TEAM = 3Y3Z2Z567H;
				INFOPLIST_FILE = MarsV1/Info.plist;
				LD_RUNPATH_SEARCH_PATHS = "$(inherited) @executable_path/Frameworks";
				PRODUCT_BUNDLE_IDENTIFIER = fredhur.MarsV1;
				PRODUCT_NAME = "$(TARGET_NAME)";
				SWIFT_VERSION = 4.0;
				TARGETED_DEVICE_FAMILY = "1,2";
			};
			name = Release;
		};
		9AD9513C20ABF8EA007B1D24 /* Debug */ = {
			isa = XCBuildConfiguration;
			buildSettings = {
				ALWAYS_EMBED_SWIFT_STANDARD_LIBRARIES = YES;
				BUNDLE_LOADER = "$(TEST_HOST)";
				CODE_SIGN_STYLE = Automatic;
				DEVELOPMENT_TEAM = 3Y3Z2Z567H;
				INFOPLIST_FILE = MarsV1Tests/Info.plist;
				LD_RUNPATH_SEARCH_PATHS = "$(inherited) @executable_path/Frameworks @loader_path/Frameworks";
				PRODUCT_BUNDLE_IDENTIFIER = fredhur.MarsV1Tests;
				PRODUCT_NAME = "$(TARGET_NAME)";
				SWIFT_VERSION = 4.0;
				TARGETED_DEVICE_FAMILY = "1,2";
				TEST_HOST = "$(BUILT_PRODUCTS_DIR)/MarsV1.app/MarsV1";
			};
			name = Debug;
		};
		9AD9513D20ABF8EA007B1D24 /* Release */ = {
			isa = XCBuildConfiguration;
			buildSettings = {
				ALWAYS_EMBED_SWIFT_STANDARD_LIBRARIES = YES;
				BUNDLE_LOADER = "$(TEST_HOST)";
				CODE_SIGN_STYLE = Automatic;
				DEVELOPMENT_TEAM = 3Y3Z2Z567H;
				INFOPLIST_FILE = MarsV1Tests/Info.plist;
				LD_RUNPATH_SEARCH_PATHS = "$(inherited) @executable_path/Frameworks @loader_path/Frameworks";
				PRODUCT_BUNDLE_IDENTIFIER = fredhur.MarsV1Tests;
				PRODUCT_NAME = "$(TARGET_NAME)";
				SWIFT_VERSION = 4.0;
				TARGETED_DEVICE_FAMILY = "1,2";
				TEST_HOST = "$(BUILT_PRODUCTS_DIR)/MarsV1.app/MarsV1";
			};
			name = Release;
		};
		9AD9513F20ABF8EA007B1D24 /* Debug */ = {
			isa = XCBuildConfiguration;
			buildSettings = {
				ALWAYS_EMBED_SWIFT_STANDARD_LIBRARIES = YES;
				CODE_SIGN_STYLE = Automatic;
				DEVELOPMENT_TEAM = 3Y3Z2Z567H;
				INFOPLIST_FILE = MarsV1UITests/Info.plist;
				LD_RUNPATH_SEARCH_PATHS = "$(inherited) @executable_path/Frameworks @loader_path/Frameworks";
				PRODUCT_BUNDLE_IDENTIFIER = fredhur.MarsV1UITests;
				PRODUCT_NAME = "$(TARGET_NAME)";
				SWIFT_VERSION = 4.0;
				TARGETED_DEVICE_FAMILY = "1,2";
				TEST_TARGET_NAME = MarsV1;
			};
			name = Debug;
		};
		9AD9514020ABF8EA007B1D24 /* Release */ = {
			isa = XCBuildConfiguration;
			buildSettings = {
				ALWAYS_EMBED_SWIFT_STANDARD_LIBRARIES = YES;
				CODE_SIGN_STYLE = Automatic;
				DEVELOPMENT_TEAM = 3Y3Z2Z567H;
				INFOPLIST_FILE = MarsV1UITests/Info.plist;
				LD_RUNPATH_SEARCH_PATHS = "$(inherited) @executable_path/Frameworks @loader_path/Frameworks";
				PRODUCT_BUNDLE_IDENTIFIER = fredhur.MarsV1UITests;
				PRODUCT_NAME = "$(TARGET_NAME)";
				SWIFT_VERSION = 4.0;
				TARGETED_DEVICE_FAMILY = "1,2";
				TEST_TARGET_NAME = MarsV1;
			};
			name = Release;
		};
/* End XCBuildConfiguration section */

/* Begin XCConfigurationList section */
		9AD9510B20ABF8EA007B1D24 /* Build configuration list for PBXProject "MarsV1" */ = {
			isa = XCConfigurationList;
			buildConfigurations = (
				9AD9513620ABF8EA007B1D24 /* Debug */,
				9AD9513720ABF8EA007B1D24 /* Release */,
			);
			defaultConfigurationIsVisible = 0;
			defaultConfigurationName = Release;
		};
		9AD9513820ABF8EA007B1D24 /* Build configuration list for PBXNativeTarget "MarsV1" */ = {
			isa = XCConfigurationList;
			buildConfigurations = (
				9AD9513920ABF8EA007B1D24 /* Debug */,
				9AD9513A20ABF8EA007B1D24 /* Release */,
			);
			defaultConfigurationIsVisible = 0;
			defaultConfigurationName = Release;
		};
		9AD9513B20ABF8EA007B1D24 /* Build configuration list for PBXNativeTarget "MarsV1Tests" */ = {
			isa = XCConfigurationList;
			buildConfigurations = (
				9AD9513C20ABF8EA007B1D24 /* Debug */,
				9AD9513D20ABF8EA007B1D24 /* Release */,
			);
			defaultConfigurationIsVisible = 0;
			defaultConfigurationName = Release;
		};
		9AD9513E20ABF8EA007B1D24 /* Build configuration list for PBXNativeTarget "MarsV1UITests" */ = {
			isa = XCConfigurationList;
			buildConfigurations = (
				9AD9513F20ABF8EA007B1D24 /* Debug */,
				9AD9514020ABF8EA007B1D24 /* Release */,
			);
			defaultConfigurationIsVisible = 0;
			defaultConfigurationName = Release;
		};
/* End XCConfigurationList section */
	};
	rootObject = 9AD9510820ABF8EA007B1D24 /* Project object */;
}
